<?xml version="1.0" encoding="utf-8"?>
<Project ToolsVersion="4.0" xmlns="http://schemas.microsoft.com/developer/msbuild/2003">
  <ItemGroup>
    <Filter Include="Source Files">
      <UniqueIdentifier>{4FC737F1-C7A5-4376-A066-2A32D752A2FF}</UniqueIdentifier>
      <Extensions>cpp;c;cc;cxx;c++;cppm;ixx;def;odl;idl;hpj;bat;asm;asmx</Extensions>
    </Filter>
    <Filter Include="Header Files">
      <UniqueIdentifier>{93995380-89BD-4b04-88EB-625FBE52EBFB}</UniqueIdentifier>
      <Extensions>h;hh;hpp;hxx;h++;hm;inl;inc;ipp;xsd</Extensions>
    </Filter>
    <Filter Include="Resource Files">
      <UniqueIdentifier>{67DA6AB6-F800-4c08-8B7A-83BB121AAD01}</UniqueIdentifier>
      <Extensions>rc;ico;cur;bmp;dlg;rc2;rct;bin;rgs;gif;jpg;jpeg;jpe;resx;tiff;tif;png;wav;mfcribbon-ms</Extensions>
    </Filter>
    <Filter Include="Header Files\model">
      <UniqueIdentifier>{cccb1939-0d2a-49af-b809-417b9f61912f}</UniqueIdentifier>
    </Filter>
    <Filter Include="Header Files\view">
      <UniqueIdentifier>{6bc21e71-4bfb-434b-b14b-e60003bbf5a0}</UniqueIdentifier>
    </Filter>
    <Filter Include="Header Files\controller">
      <UniqueIdentifier>{cae1737e-192e-4fdf-83cf-ab05b5a4bff0}</UniqueIdentifier>
    </Filter>
    <Filter Include="Source Files\model">
      <UniqueIdentifier>{7baab19d-62bd-4e6d-a3f9-ccfa38c11c4f}</UniqueIdentifier>
    </Filter>
    <Filter Include="Source Files\view">
      <UniqueIdentifier>{b29e6e32-6854-442f-b0f8-0d03224a6fce}</UniqueIdentifier>
    </Filter>
    <Filter Include="Source Files\controller">
      <UniqueIdentifier>{463edaee-fd96-4740-92a3-f2bab78945fe}</UniqueIdentifier>
    </Filter>
  </ItemGroup>
  <ItemGroup>
    <ClCompile Include="Main.cpp">
      <Filter>Source Files</Filter>
    </ClCompile>
    <ClCompile Include="player.cpp">
      <Filter>Source Files\model</Filter>
    </ClCompile>
    <ClCompile Include="play.cpp">
      <Filter>Source Files\controller</Filter>
    </ClCompile>
    <ClCompile Include="chesstable.cpp">
      <Filter>Source Files\view</Filter>
    </ClCompile>
    <ClCompile Include="checkwin.cpp">
      <Filter>Source Files\controller</Filter>
    </ClCompile>
    <ClCompile Include="fileconfig.cpp">
      <Filter>Source Files\model</Filter>
    </ClCompile>
    <ClCompile Include="menuview.cpp">
      <Filter>Source Files\view</Filter>
    </ClCompile>
    <ClCompile Include="control.cpp">
      <Filter>Source Files\controller</Filter>
    </ClCompile>
    <ClCompile Include="connectserver.cpp">
      <Filter>Source Files\controller</Filter>
    </ClCompile>
    <ClCompile Include="console.cpp">
      <Filter>Source Files\view</Filter>
    </ClCompile>
    <ClCompile Include="replay.cpp">
      <Filter>Source Files\model</Filter>
    </ClCompile>
  </ItemGroup>
  <ItemGroup>
    <ClInclude Include="play.h">
      <Filter>Header Files\controller</Filter>
    </ClInclude>
    <ClInclude Include="chesstable.h">
      <Filter>Header Files\view</Filter>
    </ClInclude>
    <ClInclude Include="player.h">
      <Filter>Header Files\model</Filter>
    </ClInclude>
    <ClInclude Include="checkwin.h">
      <Filter>Header Files\controller</Filter>
    </ClInclude>
    <ClInclude Include="fileconfig.h">
      <Filter>Header Files\model</Filter>
    </ClInclude>
    <ClInclude Include="menuview.h">
      <Filter>Header Files\view</Filter>
    </ClInclude>
    <ClInclude Include="control.h">
      <Filter>Header Files\controller</Filter>
    </ClInclude>
    <ClInclude Include="connectserver.h">
      <Filter>Header Files\controller</Filter>
    </ClInclude>
    <ClInclude Include="console.h">
      <Filter>Header Files\view</Filter>
    </ClInclude>
    <ClInclude Include="replay.h">
      <Filter>Header Files\model</Filter>
    </ClInclude>
  </ItemGroup>
</Project>